
Microsoft Visual Studio Solution File, Format Version 12.00
# Visual Studio Version 17
VisualStudioVersion = 17.10.35122.118
MinimumVisualStudioVersion = 10.0.40219.1
Project("{FAE04EC0-301F-11D3-BF4B-00C04F79EFBC}") = "trea2", "trea2\trea2.csproj", "{CFBB381C-54FA-45F1-9555-CF15C2C8CB9D}"
EndProject
Global
	GlobalSection(SolutionConfigurationPlatforms) = preSolution
		Debug|Any CPU = Debug|Any CPU
		Release|Any CPU = Release|Any CPU
	EndGlobalSection
	GlobalSection(ProjectConfigurationPlatforms) = postSolution
		{CFBB381C-54FA-45F1-9555-CF15C2C8CB9D}.Debug|Any CPU.ActiveCfg = Debug|Any CPU
		{CFBB381C-54FA-45F1-9555-CF15C2C8CB9D}.Debug|Any CPU.Build.0 = Debug|Any CPU
		{CFBB381C-54FA-45F1-9555-CF15C2C8CB9D}.Release|Any CPU.ActiveCfg = Release|Any CPU
		{CFBB381C-54FA-45F1-9555-CF15C2C8CB9D}.Release|Any CPU.Build.0 = Release|Any CPU
	EndGlobalSection
	GlobalSection(SolutionProperties) = preSolution
		HideSolutionNode = FALSE
	EndGlobalSection
	GlobalSection(ExtensibilityGlobals) = postSolution
		SolutionGuid = {B6A19691-CE16-418E-AB31-BB8A01A4B8C8}
	EndGlobalSection
EndGlobal
